# This file is autogenerated, do not edit; changes may be undone by the next 'dep ensure'.


[[projects]]
  branch = "master"
  name = "github.com/natefinch/atomic"
  packages = ["."]
  revision = "a62ce929ffcc871a51e98c6eba7b20321e3ed62d"

[[projects]]
  name = "gopkg.in/yaml.v2"
  packages = ["."]
  revision = "5420a8b6744d3b0345ab293f6fcba19c978f1183"
  version = "v2.2.1"

[solve-meta]
  analyzer-name = "dep"
  analyzer-version = 1
  inputs-digest = "a4d02a46901b6f4839ffd158c0e8249a8aabac4786c0b2aad58ce465180e1f14"
  solver-name = "gps-cdcl"
  solver-version = 1
